
Microsoft Visual Studio Solution File, Format Version 12.00
# Visual Studio Version 16
VisualStudioVersion = 16.0.31025.194
MinimumVisualStudioVersion = 10.0.40219.1
Project("{9A19103F-16F7-4668-BE54-9A1E7A4F7556}") = "AuthApi", "AuthApi\AuthApi.csproj", "{6653B4FD-EF68-4E64-B6FC-E8DBB61A0387}"
EndProject
Project("{2150E333-8FDC-42A3-9474-1A3956D46DE8}") = "Solution Items", "Solution Items", "{6699F5D6-F7E8-4E70-B0FB-BFCA9C976899}"
	ProjectSection(SolutionItems) = preProject
		.gitignore = .gitignore
	EndProjectSection
EndProject
Project("{FAE04EC0-301F-11D3-BF4B-00C04F79EFBC}") = "AuthApi.Test", "AuthApi.Test\AuthApi.Test.csproj", "{B1410025-F9AD-4094-81E6-23ECAC678054}"
EndProject
Global
	GlobalSection(SolutionConfigurationPlatforms) = preSolution
		Debug|Any CPU = Debug|Any CPU
		Release|Any CPU = Release|Any CPU
	EndGlobalSection
	GlobalSection(ProjectConfigurationPlatforms) = postSolution
		{6653B4FD-EF68-4E64-B6FC-E8DBB61A0387}.Debug|Any CPU.ActiveCfg = Debug|Any CPU
		{6653B4FD-EF68-4E64-B6FC-E8DBB61A0387}.Debug|Any CPU.Build.0 = Debug|Any CPU
		{6653B4FD-EF68-4E64-B6FC-E8DBB61A0387}.Release|Any CPU.ActiveCfg = Release|Any CPU
		{6653B4FD-EF68-4E64-B6FC-E8DBB61A0387}.Release|Any CPU.Build.0 = Release|Any CPU
		{B1410025-F9AD-4094-81E6-23ECAC678054}.Debug|Any CPU.ActiveCfg = Debug|Any CPU
		{B1410025-F9AD-4094-81E6-23ECAC678054}.Debug|Any CPU.Build.0 = Debug|Any CPU
		{B1410025-F9AD-4094-81E6-23ECAC678054}.Release|Any CPU.ActiveCfg = Release|Any CPU
		{B1410025-F9AD-4094-81E6-23ECAC678054}.Release|Any CPU.Build.0 = Release|Any CPU
	EndGlobalSection
	GlobalSection(SolutionProperties) = preSolution
		HideSolutionNode = FALSE
	EndGlobalSection
	GlobalSection(ExtensibilityGlobals) = postSolution
		SolutionGuid = {C487F232-8829-4267-A0A3-9C3F0AE0724A}
	EndGlobalSection
EndGlobal
